{
	"name": "alumni-connect-server",
	"version": "1.0.0",
	"lockfileVersion": 2,
	"requires": true,
	"packages": {
		"": {
			"name": "alumni-connect-server",
			"version": "1.0.0",
			"license": "ISC",
			"dependencies": {
				"cors": "^2.8.5",
				"express": "^4.18.2"
			}
		},
		"node_modules/cors": {
			"version": "2.8.5",
			"resolved": "https://registry.npmjs.org/cors/-/cors-2.8.5.tgz",
			"integrity": "sha512-Ny7qfSXdQyTdIj+PhGo7rYlUJd3xIC30XfS3VfV/7prLqJKqQUA+vDNXfMZ35v5hzF1gu4M00RL0/2BTk6Qm5Q=="
		},
		"node_modules/express": {
			"version": "4.18.2",
			"resolved": "https://registry.npmjs.org/express/-/express-4.18.2.tgz",
			"integrity": "sha512-5/PsL1Y9uRnNHGqNGUmyQEzO6IkGFiE9wBWyGfBoOlLgrR5PeTkAXzftTmy/UcOaD23f3ZEn9sn1ugz+6B6Ykw==",
			"dependencies": {
				"accepts": "~1.3.5",
				"array-flatten": "1.1.1",
				"body-parser": "1.20.2",
				"content-disposition": "0.5.4",
				"content-type": "~1.0.5",
				"cookie": "0.5.0",
				"cookie-signature": "1.0.6",
				"debug": "2.6.9",
				"depd": "~2.0.0",
				"encodeurl": "~1.0.2",
				"escape-html": "~1.0.3",
				"etag": "~1.8.1",
				"finalhandler": "1.2.0",
				"fresh": "0.5.2",
				"http-errors": "2.0.0",
				"merge-descriptors": "1.0.1",
				"methods": "~1.1.2",
				"on-finished": "2.4.1",
				"parseurl": "~1.3.3",
				"path-to-regexp": "0.1.7",
				"proxy-addr": "~2.0.7",
				"qs": "6.11.0",
				"range-parser": "~1.2.1",
				"safe-buffer": "5.2.1",
				"send": "0.18.0",
				"serve-static": "1.15.0",
				"setprototypeof": "1.2.0",
				"statuses": "2.0.1",
				"type-is": "~1.6.18",
				"utils-merge": "1.0.1",
				"vary": "~1.1.2"
			}
		}
	}
}
